# THIS IS AN AUTOGENERATED FILE. DO NOT EDIT THIS FILE DIRECTLY.
# yarn lockfile v1


"@prisma/client@^2.0.0-alpha.801":
  version "2.0.0-alpha.801"
  resolved "https://registry.yarnpkg.com/@prisma/client/-/client-2.0.0-alpha.801.tgz#215d4a0ee02c99989f5b62187e2d2904d2b96cb0"
  integrity sha512-qvjBiv1t88S/H2C4tasl5W0CG/Y9Qc7QIdr5ovFttkf97Kbwi/KAotFe1HtBvjWyljgTXTifEKBkBMCVvNKhQQ==

prisma2@^2.0.0-preview022:
  version "2.0.0-preview022"
  resolved "https://registry.yarnpkg.com/prisma2/-/prisma2-2.0.0-preview022.tgz#959770a89696004411785cfb27a76ebc3eb889aa"
  integrity sha512-esfFlVwGr/q5AoZFT+mf5FF+4bKYLIoqgfTNsrsodKzWnYR/JoTme2rO7FjM1U1jp80rCiX8RbcAvl6o/TG5zg==
